
Microsoft Visual Studio Solution File, Format Version 12.00
# Visual Studio Version 17
VisualStudioVersion = 17.4.33110.190
MinimumVisualStudioVersion = 10.0.40219.1
Project("{FAE04EC0-301F-11D3-BF4B-00C04F79EFBC}") = "SchoolSystem", "ConsoleApp11\SchoolSystem.csproj", "{23E75F29-DB29-4213-9791-042191F00F89}"
EndProject
Project("{2150E333-8FDC-42A3-9474-1A3956D46DE8}") = "Solution Items", "Solution Items", "{3FA8D4B3-0F94-4C5E-9C06-DF44D93BB755}"
	ProjectSection(SolutionItems) = preProject
		.editorconfig = .editorconfig
	EndProjectSection
EndProject
Global
	GlobalSection(SolutionConfigurationPlatforms) = preSolution
		Debug|Any CPU = Debug|Any CPU
		Release|Any CPU = Release|Any CPU
	EndGlobalSection
	GlobalSection(ProjectConfigurationPlatforms) = postSolution
		{23E75F29-DB29-4213-9791-042191F00F89}.Debug|Any CPU.ActiveCfg = Debug|Any CPU
		{23E75F29-DB29-4213-9791-042191F00F89}.Debug|Any CPU.Build.0 = Debug|Any CPU
		{23E75F29-DB29-4213-9791-042191F00F89}.Release|Any CPU.ActiveCfg = Release|Any CPU
		{23E75F29-DB29-4213-9791-042191F00F89}.Release|Any CPU.Build.0 = Release|Any CPU
	EndGlobalSection
	GlobalSection(SolutionProperties) = preSolution
		HideSolutionNode = FALSE
	EndGlobalSection
	GlobalSection(ExtensibilityGlobals) = postSolution
		SolutionGuid = {3BE9F1E0-0749-416F-8623-0C5D006DA8CA}
	EndGlobalSection
EndGlobal
